
Microsoft Visual Studio Solution File, Format Version 12.00
# Visual Studio Version 17
VisualStudioVersion = 17.4.33205.214
MinimumVisualStudioVersion = 10.0.40219.1
Project("{9A19103F-16F7-4668-BE54-9A1E7A4F7556}") = "BlazorWebAssemblyOpenIdTest", "BlazorWebAssemblyOpenIdTest.csproj", "{8C601159-D643-44B7-A51C-44159E408BBC}"
EndProject
Global
	GlobalSection(SolutionConfigurationPlatforms) = preSolution
		Debug|Any CPU = Debug|Any CPU
		Release|Any CPU = Release|Any CPU
	EndGlobalSection
	GlobalSection(ProjectConfigurationPlatforms) = postSolution
		{8C601159-D643-44B7-A51C-44159E408BBC}.Debug|Any CPU.ActiveCfg = Debug|Any CPU
		{8C601159-D643-44B7-A51C-44159E408BBC}.Debug|Any CPU.Build.0 = Debug|Any CPU
		{8C601159-D643-44B7-A51C-44159E408BBC}.Release|Any CPU.ActiveCfg = Release|Any CPU
		{8C601159-D643-44B7-A51C-44159E408BBC}.Release|Any CPU.Build.0 = Release|Any CPU
	EndGlobalSection
	GlobalSection(SolutionProperties) = preSolution
		HideSolutionNode = FALSE
	EndGlobalSection
	GlobalSection(ExtensibilityGlobals) = postSolution
		SolutionGuid = {95852635-6827-4F97-B660-254C9FA8D786}
	EndGlobalSection
EndGlobal
